PODS:
  - Alamofire (3.4.1)
  - AlamofireImage (2.4.0):
    - Alamofire (~> 3.3)
  - CZPicker (0.4.2)
  - GTToast (0.1.2)
  - pop (1.0.9)
  - SWTableViewCell (0.3.7)

DEPENDENCIES:
  - Alamofire (~> 3.4)
  - AlamofireImage (~> 2.0)
  - CZPicker
  - GTToast
  - pop (~> 1.0)
  - SWTableViewCell (~> 0.3.7)

SPEC CHECKSUMS:
  Alamofire: 01a82e2f6c0f860ade35534c8dd88be61bdef40c
  AlamofireImage: 87408b652e0f5ae5fe364035f15aea8b9b24c77e
  CZPicker: df3d8d0511595b7cd2f032263c82c611d45a9b8e
  GTToast: 9dd4a12b59c859325376c343870529ddeca14859
  pop: f667631a5108a2e60d9e8797c9b32ddaf2080bce
  SWTableViewCell: 2a94aadc9d47b2b611fa064566bf57948b95b579

COCOAPODS: 0.39.0
